
Microsoft Visual Studio Solution File, Format Version 12.00
# Visual Studio 15
VisualStudioVersion = 15.0.28307.572
MinimumVisualStudioVersion = 10.0.40219.1
Project("{FAE04EC0-301F-11D3-BF4B-00C04F79EFBC}") = "ConsoleApp3", "ConsoleApp3\ConsoleApp3.csproj", "{FF21E4FA-CD51-46AD-AA34-F3BCF5F733B8}"
EndProject
Global
	GlobalSection(SolutionConfigurationPlatforms) = preSolution
		Debug|Any CPU = Debug|Any CPU
		Release|Any CPU = Release|Any CPU
	EndGlobalSection
	GlobalSection(ProjectConfigurationPlatforms) = postSolution
		{FF21E4FA-CD51-46AD-AA34-F3BCF5F733B8}.Debug|Any CPU.ActiveCfg = Debug|Any CPU
		{FF21E4FA-CD51-46AD-AA34-F3BCF5F733B8}.Debug|Any CPU.Build.0 = Debug|Any CPU
		{FF21E4FA-CD51-46AD-AA34-F3BCF5F733B8}.Release|Any CPU.ActiveCfg = Release|Any CPU
		{FF21E4FA-CD51-46AD-AA34-F3BCF5F733B8}.Release|Any CPU.Build.0 = Release|Any CPU
	EndGlobalSection
	GlobalSection(SolutionProperties) = preSolution
		HideSolutionNode = FALSE
	EndGlobalSection
	GlobalSection(ExtensibilityGlobals) = postSolution
		SolutionGuid = {CB2CB863-D162-4C00-AE85-5B82B2E1F10C}
	EndGlobalSection
EndGlobal
